{
  "requires": true,
  "lockfileVersion": 1,
  "dependencies": {
    "node": {
      "version": "13.10.1",
      "resolved": "https://registry.npmjs.org/node/-/node-13.10.1.tgz",
      "integrity": "sha512-xVeLmv6T+Cf1iPGDRhi4JOxGeV7jSYjacAWXDuHcZpc38qHfGaTdb6EpPYM9pKFvTThaYbb6/sq8JLv7DS+MHA==",
      "requires": {
        "node-bin-setup": "^1.0.0"
      },
      "dependencies": {
        "node-darwin-x64": {
          "version": "13.10.1",
          "resolved": "https://registry.npmjs.org/node-darwin-x64/-/node-darwin-x64-13.10.1.tgz",
          "integrity": "sha512-RMH3/z1QpcSZ4boL+FY4rew2xNrDOn7+ecO0rdKcFWDwAF2OZPrVAU/3GdXrFwwhzavAO7q8aFacBuhIayV4Iw=="
        }
      }
    },
    "node-bin-setup": {
      "version": "1.0.6",
      "resolved": "https://registry.npmjs.org/node-bin-setup/-/node-bin-setup-1.0.6.tgz",
      "integrity": "sha512-uPIxXNis1CRbv1DwqAxkgBk5NFV3s7cMN/Gf556jSw6jBvV7ca4F9lRL/8cALcZecRibeqU+5dFYqFFmzv5a0Q=="
    },
    "noty": {
      "version": "3.2.0-beta",
      "resolved": "https://registry.npmjs.org/noty/-/noty-3.2.0-beta.tgz",
      "integrity": "sha512-a1//Rth1MTQ/GCvGzwBXrZqCwOPyxiIKMdHT1TlcdrDYBYVfb7vzwsU0N4x+j/HeIQTi6/pbP8lRtY9gBz/d3Q=="
    }
  }
}
